// !$*UTF8*$!
{
	archiveVersion = 1;
	classes = {
	};
	objectVersion = 50;
	objects = {

/* Begin PBXBuildFile section */
		140C1CD7225DE298000155CE /* LYEmptyBaseView.m in Sources */ = {isa = PBXBuildFile; fileRef = 140C1CCE225DE298000155CE /* LYEmptyBaseView.m */; };
		140C1CD8225DE298000155CE /* UIView+Empty.m in Sources */ = {isa = PBXBuildFile; fileRef = 140C1CD0225DE298000155CE /* UIView+Empty.m */; };
		140C1CD9225DE298000155CE /* UIView+LYExtension.m in Sources */ = {isa = PBXBuildFile; fileRef = 140C1CD1225DE298000155CE /* UIView+LYExtension.m */; };
		140C1CDA225DE298000155CE /* LYEmptyView.m in Sources */ = {isa = PBXBuildFile; fileRef = 140C1CD4225DE298000155CE /* LYEmptyView.m */; };
		14E46DFD21D5D08D009E4B73 /* AppDelegate.m in Sources */ = {isa = PBXBuildFile; fileRef = 14E46DFC21D5D08D009E4B73 /* AppDelegate.m */; };
		14E46E0021D5D08D009E4B73 /* ViewController.m in Sources */ = {isa = PBXBuildFile; fileRef = 14E46DFF21D5D08D009E4B73 /* ViewController.m */; };
		14E46E0321D5D08D009E4B73 /* Main.storyboard in Resources */ = {isa = PBXBuildFile; fileRef = 14E46E0121D5D08D009E4B73 /* Main.storyboard */; };
		14E46E0521D5D090009E4B73 /* Assets.xcassets in Resources */ = {isa = PBXBuildFile; fileRef = 14E46E0421D5D090009E4B73 /* Assets.xcassets */; };
		14E46E0821D5D090009E4B73 /* LaunchScreen.storyboard in Resources */ = {isa = PBXBuildFile; fileRef = 14E46E0621D5D090009E4B73 /* LaunchScreen.storyboard */; };
		14E46E0B21D5D090009E4B73 /* main.m in Sources */ = {isa = PBXBuildFile; fileRef = 14E46E0A21D5D090009E4B73 /* main.m */; };
		14E46E4121D5D0F8009E4B73 /* MJRefresh.bundle in Resources */ = {isa = PBXBuildFile; fileRef = 14E46E1421D5D0F7009E4B73 /* MJRefresh.bundle */; };
		14E46E4221D5D0F8009E4B73 /* NSBundle+MJRefresh.m in Sources */ = {isa = PBXBuildFile; fileRef = 14E46E1521D5D0F7009E4B73 /* NSBundle+MJRefresh.m */; };
		14E46E4321D5D0F8009E4B73 /* UIScrollView+MJExtension.m in Sources */ = {isa = PBXBuildFile; fileRef = 14E46E1721D5D0F8009E4B73 /* UIScrollView+MJExtension.m */; };
		14E46E4421D5D0F8009E4B73 /* UIScrollView+MJRefresh.m in Sources */ = {isa = PBXBuildFile; fileRef = 14E46E1921D5D0F8009E4B73 /* UIScrollView+MJRefresh.m */; };
		14E46E4521D5D0F8009E4B73 /* MJRefreshFooter.m in Sources */ = {isa = PBXBuildFile; fileRef = 14E46E1C21D5D0F8009E4B73 /* MJRefreshFooter.m */; };
		14E46E4621D5D0F8009E4B73 /* MJRefreshHeader.m in Sources */ = {isa = PBXBuildFile; fileRef = 14E46E1E21D5D0F8009E4B73 /* MJRefreshHeader.m */; };
		14E46E4721D5D0F8009E4B73 /* MJRefreshBackFooter.m in Sources */ = {isa = PBXBuildFile; fileRef = 14E46E2021D5D0F8009E4B73 /* MJRefreshBackFooter.m */; };
		14E46E4821D5D0F8009E4B73 /* MJRefreshAutoFooter.m in Sources */ = {isa = PBXBuildFile; fileRef = 14E46E2121D5D0F8009E4B73 /* MJRefreshAutoFooter.m */; };
		14E46E4921D5D0F8009E4B73 /* MJRefreshComponent.m in Sources */ = {isa = PBXBuildFile; fileRef = 14E46E2321D5D0F8009E4B73 /* MJRefreshComponent.m */; };
		14E46E4A21D5D0F8009E4B73 /* MJRefreshConst.m in Sources */ = {isa = PBXBuildFile; fileRef = 14E46E2621D5D0F8009E4B73 /* MJRefreshConst.m */; };
		14E46E4B21D5D0F9009E4B73 /* UIView+MJExtension.m in Sources */ = {isa = PBXBuildFile; fileRef = 14E46E2721D5D0F8009E4B73 /* UIView+MJExtension.m */; };
		14E46E4C21D5D0F9009E4B73 /* MJRefreshBackGifFooter.m in Sources */ = {isa = PBXBuildFile; fileRef = 14E46E2E21D5D0F8009E4B73 /* MJRefreshBackGifFooter.m */; };
		14E46E4D21D5D0F9009E4B73 /* MJRefreshBackStateFooter.m in Sources */ = {isa = PBXBuildFile; fileRef = 14E46E2F21D5D0F8009E4B73 /* MJRefreshBackStateFooter.m */; };
		14E46E4E21D5D0F9009E4B73 /* MJRefreshBackNormalFooter.m in Sources */ = {isa = PBXBuildFile; fileRef = 14E46E3021D5D0F8009E4B73 /* MJRefreshBackNormalFooter.m */; };
		14E46E4F21D5D0F9009E4B73 /* MJRefreshAutoStateFooter.m in Sources */ = {isa = PBXBuildFile; fileRef = 14E46E3521D5D0F8009E4B73 /* MJRefreshAutoStateFooter.m */; };
		14E46E5021D5D0F9009E4B73 /* MJRefreshAutoGifFooter.m in Sources */ = {isa = PBXBuildFile; fileRef = 14E46E3621D5D0F8009E4B73 /* MJRefreshAutoGifFooter.m */; };
		14E46E5121D5D0F9009E4B73 /* MJRefreshAutoNormalFooter.m in Sources */ = {isa = PBXBuildFile; fileRef = 14E46E3721D5D0F8009E4B73 /* MJRefreshAutoNormalFooter.m */; };
		14E46E5221D5D0F9009E4B73 /* MJRefreshNormalHeader.m in Sources */ = {isa = PBXBuildFile; fileRef = 14E46E3921D5D0F8009E4B73 /* MJRefreshNormalHeader.m */; };
		14E46E5321D5D0F9009E4B73 /* MJRefreshStateHeader.m in Sources */ = {isa = PBXBuildFile; fileRef = 14E46E3D21D5D0F8009E4B73 /* MJRefreshStateHeader.m */; };
		14E46E5421D5D0F9009E4B73 /* MJRefreshGifHeader.m in Sources */ = {isa = PBXBuildFile; fileRef = 14E46E3E21D5D0F8009E4B73 /* MJRefreshGifHeader.m */; };
		14E46E5821D5D34A009E4B73 /* UIScrollView+HeaderAndFooter.m in Sources */ = {isa = PBXBuildFile; fileRef = 14E46E5721D5D34A009E4B73 /* UIScrollView+HeaderAndFooter.m */; };
/* End PBXBuildFile section */

/* Begin PBXFileReference section */
		140C1CCE225DE298000155CE /* LYEmptyBaseView.m */ = {isa = PBXFileReference; fileEncoding = 4; lastKnownFileType = sourcecode.c.objc; path = LYEmptyBaseView.m; sourceTree = "<group>"; };
		140C1CCF225DE298000155CE /* LYEmptyView.h */ = {isa = PBXFileReference; fileEncoding = 4; lastKnownFileType = sourcecode.c.h; path = LYEmptyView.h; sourceTree = "<group>"; };
		140C1CD0225DE298000155CE /* UIView+Empty.m */ = {isa = PBXFileReference; fileEncoding = 4; lastKnownFileType = sourcecode.c.objc; path = "UIView+Empty.m"; sourceTree = "<group>"; };
		140C1CD1225DE298000155CE /* UIView+LYExtension.m */ = {isa = PBXFileReference; fileEncoding = 4; lastKnownFileType = sourcecode.c.objc; path = "UIView+LYExtension.m"; sourceTree = "<group>"; };
		140C1CD2225DE298000155CE /* LYEmptyBaseView.h */ = {isa = PBXFileReference; fileEncoding = 4; lastKnownFileType = sourcecode.c.h; path = LYEmptyBaseView.h; sourceTree = "<group>"; };
		140C1CD3225DE298000155CE /* LYEmptyViewHeader.h */ = {isa = PBXFileReference; fileEncoding = 4; lastKnownFileType = sourcecode.c.h; path = LYEmptyViewHeader.h; sourceTree = "<group>"; };
		140C1CD4225DE298000155CE /* LYEmptyView.m */ = {isa = PBXFileReference; fileEncoding = 4; lastKnownFileType = sourcecode.c.objc; path = LYEmptyView.m; sourceTree = "<group>"; };
		140C1CD5225DE298000155CE /* UIView+LYExtension.h */ = {isa = PBXFileReference; fileEncoding = 4; lastKnownFileType = sourcecode.c.h; path = "UIView+LYExtension.h"; sourceTree = "<group>"; };
		140C1CD6225DE298000155CE /* UIView+Empty.h */ = {isa = PBXFileReference; fileEncoding = 4; lastKnownFileType = sourcecode.c.h; path = "UIView+Empty.h"; sourceTree = "<group>"; };
		14E46DF821D5D08D009E4B73 /* ZMjRefresh.app */ = {isa = PBXFileReference; explicitFileType = wrapper.application; includeInIndex = 0; path = ZMjRefresh.app; sourceTree = BUILT_PRODUCTS_DIR; };
		14E46DFB21D5D08D009E4B73 /* AppDelegate.h */ = {isa = PBXFileReference; lastKnownFileType = sourcecode.c.h; path = AppDelegate.h; sourceTree = "<group>"; };
		14E46DFC21D5D08D009E4B73 /* AppDelegate.m */ = {isa = PBXFileReference; lastKnownFileType = sourcecode.c.objc; path = AppDelegate.m; sourceTree = "<group>"; };
		14E46DFE21D5D08D009E4B73 /* ViewController.h */ = {isa = PBXFileReference; lastKnownFileType = sourcecode.c.h; path = ViewController.h; sourceTree = "<group>"; };
		14E46DFF21D5D08D009E4B73 /* ViewController.m */ = {isa = PBXFileReference; lastKnownFileType = sourcecode.c.objc; path = ViewController.m; sourceTree = "<group>"; };
		14E46E0221D5D08D009E4B73 /* Base */ = {isa = PBXFileReference; lastKnownFileType = file.storyboard; name = Base; path = Base.lproj/Main.storyboard; sourceTree = "<group>"; };
		14E46E0421D5D090009E4B73 /* Assets.xcassets */ = {isa = PBXFileReference; lastKnownFileType = folder.assetcatalog; path = Assets.xcassets; sourceTree = "<group>"; };
		14E46E0721D5D090009E4B73 /* Base */ = {isa = PBXFileReference; lastKnownFileType = file.storyboard; name = Base; path = Base.lproj/LaunchScreen.storyboard; sourceTree = "<group>"; };
		14E46E0921D5D090009E4B73 /* Info.plist */ = {isa = PBXFileReference; lastKnownFileType = text.plist.xml; path = Info.plist; sourceTree = "<group>"; };
		14E46E0A21D5D090009E4B73 /* main.m */ = {isa = PBXFileReference; lastKnownFileType = sourcecode.c.objc; path = main.m; sourceTree = "<group>"; };
		14E46E1321D5D0F7009E4B73 /* UIScrollView+MJRefresh.h */ = {isa = PBXFileReference; fileEncoding = 4; lastKnownFileType = sourcecode.c.h; path = "UIScrollView+MJRefresh.h"; sourceTree = "<group>"; };
		14E46E1421D5D0F7009E4B73 /* MJRefresh.bundle */ = {isa = PBXFileReference; lastKnownFileType = "wrapper.plug-in"; path = MJRefresh.bundle; sourceTree = "<group>"; };
		14E46E1521D5D0F7009E4B73 /* NSBundle+MJRefresh.m */ = {isa = PBXFileReference; fileEncoding = 4; lastKnownFileType = sourcecode.c.objc; path = "NSBundle+MJRefresh.m"; sourceTree = "<group>"; };
		14E46E1621D5D0F7009E4B73 /* UIScrollView+MJExtension.h */ = {isa = PBXFileReference; fileEncoding = 4; lastKnownFileType = sourcecode.c.h; path = "UIScrollView+MJExtension.h"; sourceTree = "<group>"; };
		14E46E1721D5D0F8009E4B73 /* UIScrollView+MJExtension.m */ = {isa = PBXFileReference; fileEncoding = 4; lastKnownFileType = sourcecode.c.objc; path = "UIScrollView+MJExtension.m"; sourceTree = "<group>"; };
		14E46E1821D5D0F8009E4B73 /* NSBundle+MJRefresh.h */ = {isa = PBXFileReference; fileEncoding = 4; lastKnownFileType = sourcecode.c.h; path = "NSBundle+MJRefresh.h"; sourceTree = "<group>"; };
		14E46E1921D5D0F8009E4B73 /* UIScrollView+MJRefresh.m */ = {isa = PBXFileReference; fileEncoding = 4; lastKnownFileType = sourcecode.c.objc; path = "UIScrollView+MJRefresh.m"; sourceTree = "<group>"; };
		14E46E1A21D5D0F8009E4B73 /* UIView+MJExtension.h */ = {isa = PBXFileReference; fileEncoding = 4; lastKnownFileType = sourcecode.c.h; path = "UIView+MJExtension.h"; sourceTree = "<group>"; };
		14E46E1C21D5D0F8009E4B73 /* MJRefreshFooter.m */ = {isa = PBXFileReference; fileEncoding = 4; lastKnownFileType = sourcecode.c.objc; path = MJRefreshFooter.m; sourceTree = "<group>"; };
		14E46E1D21D5D0F8009E4B73 /* MJRefreshComponent.h */ = {isa = PBXFileReference; fileEncoding = 4; lastKnownFileType = sourcecode.c.h; path = MJRefreshComponent.h; sourceTree = "<group>"; };
		14E46E1E21D5D0F8009E4B73 /* MJRefreshHeader.m */ = {isa = PBXFileReference; fileEncoding = 4; lastKnownFileType = sourcecode.c.objc; path = MJRefreshHeader.m; sourceTree = "<group>"; };
		14E46E1F21D5D0F8009E4B73 /* MJRefreshAutoFooter.h */ = {isa = PBXFileReference; fileEncoding = 4; lastKnownFileType = sourcecode.c.h; path = MJRefreshAutoFooter.h; sourceTree = "<group>"; };
		14E46E2021D5D0F8009E4B73 /* MJRefreshBackFooter.m */ = {isa = PBXFileReference; fileEncoding = 4; lastKnownFileType = sourcecode.c.objc; path = MJRefreshBackFooter.m; sourceTree = "<group>"; };
		14E46E2121D5D0F8009E4B73 /* MJRefreshAutoFooter.m */ = {isa = PBXFileReference; fileEncoding = 4; lastKnownFileType = sourcecode.c.objc; path = MJRefreshAutoFooter.m; sourceTree = "<group>"; };
		14E46E2221D5D0F8009E4B73 /* MJRefreshHeader.h */ = {isa = PBXFileReference; fileEncoding = 4; lastKnownFileType = sourcecode.c.h; path = MJRefreshHeader.h; sourceTree = "<group>"; };
		14E46E2321D5D0F8009E4B73 /* MJRefreshComponent.m */ = {isa = PBXFileReference; fileEncoding = 4; lastKnownFileType = sourcecode.c.objc; path = MJRefreshComponent.m; sourceTree = "<group>"; };
		14E46E2421D5D0F8009E4B73 /* MJRefreshFooter.h */ = {isa = PBXFileReference; fileEncoding = 4; lastKnownFileType = sourcecode.c.h; path = MJRefreshFooter.h; sourceTree = "<group>"; };
		14E46E2521D5D0F8009E4B73 /* MJRefreshBackFooter.h */ = {isa = PBXFileReference; fileEncoding = 4; lastKnownFileType = sourcecode.c.h; path = MJRefreshBackFooter.h; sourceTree = "<group>"; };
		14E46E2621D5D0F8009E4B73 /* MJRefreshConst.m */ = {isa = PBXFileReference; fileEncoding = 4; lastKnownFileType = sourcecode.c.objc; path = MJRefreshConst.m; sourceTree = "<group>"; };
		14E46E2721D5D0F8009E4B73 /* UIView+MJExtension.m */ = {isa = PBXFileReference; fileEncoding = 4; lastKnownFileType = sourcecode.c.objc; path = "UIView+MJExtension.m"; sourceTree = "<group>"; };
		14E46E2B21D5D0F8009E4B73 /* MJRefreshBackGifFooter.h */ = {isa = PBXFileReference; fileEncoding = 4; lastKnownFileType = sourcecode.c.h; path = MJRefreshBackGifFooter.h; sourceTree = "<group>"; };
		14E46E2C21D5D0F8009E4B73 /* MJRefreshBackStateFooter.h */ = {isa = PBXFileReference; fileEncoding = 4; lastKnownFileType = sourcecode.c.h; path = MJRefreshBackStateFooter.h; sourceTree = "<group>"; };
		14E46E2D21D5D0F8009E4B73 /* MJRefreshBackNormalFooter.h */ = {isa = PBXFileReference; fileEncoding = 4; lastKnownFileType = sourcecode.c.h; path = MJRefreshBackNormalFooter.h; sourceTree = "<group>"; };
		14E46E2E21D5D0F8009E4B73 /* MJRefreshBackGifFooter.m */ = {isa = PBXFileReference; fileEncoding = 4; lastKnownFileType = sourcecode.c.objc; path = MJRefreshBackGifFooter.m; sourceTree = "<group>"; };
		14E46E2F21D5D0F8009E4B73 /* MJRefreshBackStateFooter.m */ = {isa = PBXFileReference; fileEncoding = 4; lastKnownFileType = sourcecode.c.objc; path = MJRefreshBackStateFooter.m; sourceTree = "<group>"; };
		14E46E3021D5D0F8009E4B73 /* MJRefreshBackNormalFooter.m */ = {isa = PBXFileReference; fileEncoding = 4; lastKnownFileType = sourcecode.c.objc; path = MJRefreshBackNormalFooter.m; sourceTree = "<group>"; };
		14E46E3221D5D0F8009E4B73 /* MJRefreshAutoStateFooter.h */ = {isa = PBXFileReference; fileEncoding = 4; lastKnownFileType = sourcecode.c.h; path = MJRefreshAutoStateFooter.h; sourceTree = "<group>"; };
		14E46E3321D5D0F8009E4B73 /* MJRefreshAutoNormalFooter.h */ = {isa = PBXFileReference; fileEncoding = 4; lastKnownFileType = sourcecode.c.h; path = MJRefreshAutoNormalFooter.h; sourceTree = "<group>"; };
		14E46E3421D5D0F8009E4B73 /* MJRefreshAutoGifFooter.h */ = {isa = PBXFileReference; fileEncoding = 4; lastKnownFileType = sourcecode.c.h; path = MJRefreshAutoGifFooter.h; sourceTree = "<group>"; };
		14E46E3521D5D0F8009E4B73 /* MJRefreshAutoStateFooter.m */ = {isa = PBXFileReference; fileEncoding = 4; lastKnownFileType = sourcecode.c.objc; path = MJRefreshAutoStateFooter.m; sourceTree = "<group>"; };
		14E46E3621D5D0F8009E4B73 /* MJRefreshAutoGifFooter.m */ = {isa = PBXFileReference; fileEncoding = 4; lastKnownFileType = sourcecode.c.objc; path = MJRefreshAutoGifFooter.m; sourceTree = "<group>"; };
		14E46E3721D5D0F8009E4B73 /* MJRefreshAutoNormalFooter.m */ = {isa = PBXFileReference; fileEncoding = 4; lastKnownFileType = sourcecode.c.objc; path = MJRefreshAutoNormalFooter.m; sourceTree = "<group>"; };
		14E46E3921D5D0F8009E4B73 /* MJRefreshNormalHeader.m */ = {isa = PBXFileReference; fileEncoding = 4; lastKnownFileType = sourcecode.c.objc; path = MJRefreshNormalHeader.m; sourceTree = "<group>"; };
		14E46E3A21D5D0F8009E4B73 /* MJRefreshStateHeader.h */ = {isa = PBXFileReference; fileEncoding = 4; lastKnownFileType = sourcecode.c.h; path = MJRefreshStateHeader.h; sourceTree = "<group>"; };
		14E46E3B21D5D0F8009E4B73 /* MJRefreshGifHeader.h */ = {isa = PBXFileReference; fileEncoding = 4; lastKnownFileType = sourcecode.c.h; path = MJRefreshGifHeader.h; sourceTree = "<group>"; };
		14E46E3C21D5D0F8009E4B73 /* MJRefreshNormalHeader.h */ = {isa = PBXFileReference; fileEncoding = 4; lastKnownFileType = sourcecode.c.h; path = MJRefreshNormalHeader.h; sourceTree = "<group>"; };
		14E46E3D21D5D0F8009E4B73 /* MJRefreshStateHeader.m */ = {isa = PBXFileReference; fileEncoding = 4; lastKnownFileType = sourcecode.c.objc; path = MJRefreshStateHeader.m; sourceTree = "<group>"; };
		14E46E3E21D5D0F8009E4B73 /* MJRefreshGifHeader.m */ = {isa = PBXFileReference; fileEncoding = 4; lastKnownFileType = sourcecode.c.objc; path = MJRefreshGifHeader.m; sourceTree = "<group>"; };
		14E46E3F21D5D0F8009E4B73 /* MJRefreshConst.h */ = {isa = PBXFileReference; fileEncoding = 4; lastKnownFileType = sourcecode.c.h; path = MJRefreshConst.h; sourceTree = "<group>"; };
		14E46E4021D5D0F8009E4B73 /* MJRefresh.h */ = {isa = PBXFileReference; fileEncoding = 4; lastKnownFileType = sourcecode.c.h; path = MJRefresh.h; sourceTree = "<group>"; };
		14E46E5621D5D34A009E4B73 /* UIScrollView+HeaderAndFooter.h */ = {isa = PBXFileReference; lastKnownFileType = sourcecode.c.h; path = "UIScrollView+HeaderAndFooter.h"; sourceTree = "<group>"; };
		14E46E5721D5D34A009E4B73 /* UIScrollView+HeaderAndFooter.m */ = {isa = PBXFileReference; lastKnownFileType = sourcecode.c.objc; path = "UIScrollView+HeaderAndFooter.m"; sourceTree = "<group>"; };
/* End PBXFileReference section */

/* Begin PBXFrameworksBuildPhase section */
		14E46DF521D5D08D009E4B73 /* Frameworks */ = {
			isa = PBXFrameworksBuildPhase;
			buildActionMask = 2147483647;
			files = (
			);
			runOnlyForDeploymentPostprocessing = 0;
		};
/* End PBXFrameworksBuildPhase section */

/* Begin PBXGroup section */
		140C1CCD225DE298000155CE /* EmptyView */ = {
			isa = PBXGroup;
			children = (
				140C1CD3225DE298000155CE /* LYEmptyViewHeader.h */,
				140C1CCF225DE298000155CE /* LYEmptyView.h */,
				140C1CD4225DE298000155CE /* LYEmptyView.m */,
				140C1CD2225DE298000155CE /* LYEmptyBaseView.h */,
				140C1CCE225DE298000155CE /* LYEmptyBaseView.m */,
				140C1CD5225DE298000155CE /* UIView+LYExtension.h */,
				140C1CD1225DE298000155CE /* UIView+LYExtension.m */,
				140C1CD6225DE298000155CE /* UIView+Empty.h */,
				140C1CD0225DE298000155CE /* UIView+Empty.m */,
			);
			path = EmptyView;
			sourceTree = "<group>";
		};
		14E46DEF21D5D08D009E4B73 = {
			isa = PBXGroup;
			children = (
				14E46DFA21D5D08D009E4B73 /* ZMjRefresh */,
				14E46DF921D5D08D009E4B73 /* Products */,
			);
			sourceTree = "<group>";
		};
		14E46DF921D5D08D009E4B73 /* Products */ = {
			isa = PBXGroup;
			children = (
				14E46DF821D5D08D009E4B73 /* ZMjRefresh.app */,
			);
			name = Products;
			sourceTree = "<group>";
		};
		14E46DFA21D5D08D009E4B73 /* ZMjRefresh */ = {
			isa = PBXGroup;
			children = (
				14E46E5521D5D124009E4B73 /* example */,
				14E46E1121D5D0A4009E4B73 /* ZMjRefresh */,
				14E46DFB21D5D08D009E4B73 /* AppDelegate.h */,
				14E46DFC21D5D08D009E4B73 /* AppDelegate.m */,
				14E46E0421D5D090009E4B73 /* Assets.xcassets */,
				14E46E0621D5D090009E4B73 /* LaunchScreen.storyboard */,
				14E46E0921D5D090009E4B73 /* Info.plist */,
				14E46E0A21D5D090009E4B73 /* main.m */,
			);
			path = ZMjRefresh;
			sourceTree = "<group>";
		};
		14E46E1121D5D0A4009E4B73 /* ZMjRefresh */ = {
			isa = PBXGroup;
			children = (
				140C1CCD225DE298000155CE /* EmptyView */,
				14E46E1221D5D0AF009E4B73 /* mjRefresh */,
				14E46E5621D5D34A009E4B73 /* UIScrollView+HeaderAndFooter.h */,
				14E46E5721D5D34A009E4B73 /* UIScrollView+HeaderAndFooter.m */,
			);
			path = ZMjRefresh;
			sourceTree = "<group>";
		};
		14E46E1221D5D0AF009E4B73 /* mjRefresh */ = {
			isa = PBXGroup;
			children = (
				14E46E1B21D5D0F8009E4B73 /* Base */,
				14E46E2821D5D0F8009E4B73 /* Custom */,
				14E46E1421D5D0F7009E4B73 /* MJRefresh.bundle */,
				14E46E4021D5D0F8009E4B73 /* MJRefresh.h */,
				14E46E3F21D5D0F8009E4B73 /* MJRefreshConst.h */,
				14E46E2621D5D0F8009E4B73 /* MJRefreshConst.m */,
				14E46E1821D5D0F8009E4B73 /* NSBundle+MJRefresh.h */,
				14E46E1521D5D0F7009E4B73 /* NSBundle+MJRefresh.m */,
				14E46E1621D5D0F7009E4B73 /* UIScrollView+MJExtension.h */,
				14E46E1721D5D0F8009E4B73 /* UIScrollView+MJExtension.m */,
				14E46E1321D5D0F7009E4B73 /* UIScrollView+MJRefresh.h */,
				14E46E1921D5D0F8009E4B73 /* UIScrollView+MJRefresh.m */,
				14E46E1A21D5D0F8009E4B73 /* UIView+MJExtension.h */,
				14E46E2721D5D0F8009E4B73 /* UIView+MJExtension.m */,
			);
			path = mjRefresh;
			sourceTree = "<group>";
		};
		14E46E1B21D5D0F8009E4B73 /* Base */ = {
			isa = PBXGroup;
			children = (
				14E46E1C21D5D0F8009E4B73 /* MJRefreshFooter.m */,
				14E46E1D21D5D0F8009E4B73 /* MJRefreshComponent.h */,
				14E46E1E21D5D0F8009E4B73 /* MJRefreshHeader.m */,
				14E46E1F21D5D0F8009E4B73 /* MJRefreshAutoFooter.h */,
				14E46E2021D5D0F8009E4B73 /* MJRefreshBackFooter.m */,
				14E46E2121D5D0F8009E4B73 /* MJRefreshAutoFooter.m */,
				14E46E2221D5D0F8009E4B73 /* MJRefreshHeader.h */,
				14E46E2321D5D0F8009E4B73 /* MJRefreshComponent.m */,
				14E46E2421D5D0F8009E4B73 /* MJRefreshFooter.h */,
				14E46E2521D5D0F8009E4B73 /* MJRefreshBackFooter.h */,
			);
			path = Base;
			sourceTree = "<group>";
		};
		14E46E2821D5D0F8009E4B73 /* Custom */ = {
			isa = PBXGroup;
			children = (
				14E46E2921D5D0F8009E4B73 /* Footer */,
				14E46E3821D5D0F8009E4B73 /* Header */,
			);
			path = Custom;
			sourceTree = "<group>";
		};
		14E46E2921D5D0F8009E4B73 /* Footer */ = {
			isa = PBXGroup;
			children = (
				14E46E2A21D5D0F8009E4B73 /* Back */,
				14E46E3121D5D0F8009E4B73 /* Auto */,
			);
			path = Footer;
			sourceTree = "<group>";
		};
		14E46E2A21D5D0F8009E4B73 /* Back */ = {
			isa = PBXGroup;
			children = (
				14E46E2B21D5D0F8009E4B73 /* MJRefreshBackGifFooter.h */,
				14E46E2C21D5D0F8009E4B73 /* MJRefreshBackStateFooter.h */,
				14E46E2D21D5D0F8009E4B73 /* MJRefreshBackNormalFooter.h */,
				14E46E2E21D5D0F8009E4B73 /* MJRefreshBackGifFooter.m */,
				14E46E2F21D5D0F8009E4B73 /* MJRefreshBackStateFooter.m */,
				14E46E3021D5D0F8009E4B73 /* MJRefreshBackNormalFooter.m */,
			);
			path = Back;
			sourceTree = "<group>";
		};
		14E46E3121D5D0F8009E4B73 /* Auto */ = {
			isa = PBXGroup;
			children = (
				14E46E3221D5D0F8009E4B73 /* MJRefreshAutoStateFooter.h */,
				14E46E3321D5D0F8009E4B73 /* MJRefreshAutoNormalFooter.h */,
				14E46E3421D5D0F8009E4B73 /* MJRefreshAutoGifFooter.h */,
				14E46E3521D5D0F8009E4B73 /* MJRefreshAutoStateFooter.m */,
				14E46E3621D5D0F8009E4B73 /* MJRefreshAutoGifFooter.m */,
				14E46E3721D5D0F8009E4B73 /* MJRefreshAutoNormalFooter.m */,
			);
			path = Auto;
			sourceTree = "<group>";
		};
		14E46E3821D5D0F8009E4B73 /* Header */ = {
			isa = PBXGroup;
			children = (
				14E46E3921D5D0F8009E4B73 /* MJRefreshNormalHeader.m */,
				14E46E3A21D5D0F8009E4B73 /* MJRefreshStateHeader.h */,
				14E46E3B21D5D0F8009E4B73 /* MJRefreshGifHeader.h */,
				14E46E3C21D5D0F8009E4B73 /* MJRefreshNormalHeader.h */,
				14E46E3D21D5D0F8009E4B73 /* MJRefreshStateHeader.m */,
				14E46E3E21D5D0F8009E4B73 /* MJRefreshGifHeader.m */,
			);
			path = Header;
			sourceTree = "<group>";
		};
		14E46E5521D5D124009E4B73 /* example */ = {
			isa = PBXGroup;
			children = (
				14E46DFE21D5D08D009E4B73 /* ViewController.h */,
				14E46DFF21D5D08D009E4B73 /* ViewController.m */,
				14E46E0121D5D08D009E4B73 /* Main.storyboard */,
			);
			path = example;
			sourceTree = "<group>";
		};
/* End PBXGroup section */

/* Begin PBXNativeTarget section */
		14E46DF721D5D08D009E4B73 /* ZMjRefresh */ = {
			isa = PBXNativeTarget;
			buildConfigurationList = 14E46E0E21D5D090009E4B73 /* Build configuration list for PBXNativeTarget "ZMjRefresh" */;
			buildPhases = (
				14E46DF421D5D08D009E4B73 /* Sources */,
				14E46DF521D5D08D009E4B73 /* Frameworks */,
				14E46DF621D5D08D009E4B73 /* Resources */,
			);
			buildRules = (
			);
			dependencies = (
			);
			name = ZMjRefresh;
			productName = ZMjRefresh;
			productReference = 14E46DF821D5D08D009E4B73 /* ZMjRefresh.app */;
			productType = "com.apple.product-type.application";
		};
/* End PBXNativeTarget section */

/* Begin PBXProject section */
		14E46DF021D5D08D009E4B73 /* Project object */ = {
			isa = PBXProject;
			attributes = {
				LastUpgradeCheck = 1000;
				ORGANIZATIONNAME = zjl;
				TargetAttributes = {
					14E46DF721D5D08D009E4B73 = {
						CreatedOnToolsVersion = 10.0;
					};
				};
			};
			buildConfigurationList = 14E46DF321D5D08D009E4B73 /* Build configuration list for PBXProject "ZMjRefresh" */;
			compatibilityVersion = "Xcode 9.3";
			developmentRegion = en;
			hasScannedForEncodings = 0;
			knownRegions = (
				en,
				Base,
			);
			mainGroup = 14E46DEF21D5D08D009E4B73;
			productRefGroup = 14E46DF921D5D08D009E4B73 /* Products */;
			projectDirPath = "";
			projectRoot = "";
			targets = (
				14E46DF721D5D08D009E4B73 /* ZMjRefresh */,
			);
		};
/* End PBXProject section */

/* Begin PBXResourcesBuildPhase section */
		14E46DF621D5D08D009E4B73 /* Resources */ = {
			isa = PBXResourcesBuildPhase;
			buildActionMask = 2147483647;
			files = (
				14E46E0821D5D090009E4B73 /* LaunchScreen.storyboard in Resources */,
				14E46E0521D5D090009E4B73 /* Assets.xcassets in Resources */,
				14E46E4121D5D0F8009E4B73 /* MJRefresh.bundle in Resources */,
				14E46E0321D5D08D009E4B73 /* Main.storyboard in Resources */,
			);
			runOnlyForDeploymentPostprocessing = 0;
		};
/* End PBXResourcesBuildPhase section */

/* Begin PBXSourcesBuildPhase section */
		14E46DF421D5D08D009E4B73 /* Sources */ = {
			isa = PBXSourcesBuildPhase;
			buildActionMask = 2147483647;
			files = (
				14E46E5121D5D0F9009E4B73 /* MJRefreshAutoNormalFooter.m in Sources */,
				14E46E4821D5D0F8009E4B73 /* MJRefreshAutoFooter.m in Sources */,
				14E46E5021D5D0F9009E4B73 /* MJRefreshAutoGifFooter.m in Sources */,
				14E46E4F21D5D0F9009E4B73 /* MJRefreshAutoStateFooter.m in Sources */,
				14E46E0021D5D08D009E4B73 /* ViewController.m in Sources */,
				14E46E0B21D5D090009E4B73 /* main.m in Sources */,
				14E46E5221D5D0F9009E4B73 /* MJRefreshNormalHeader.m in Sources */,
				140C1CD9225DE298000155CE /* UIView+LYExtension.m in Sources */,
				14E46E4421D5D0F8009E4B73 /* UIScrollView+MJRefresh.m in Sources */,
				14E46E4621D5D0F8009E4B73 /* MJRefreshHeader.m in Sources */,
				14E46E4E21D5D0F9009E4B73 /* MJRefreshBackNormalFooter.m in Sources */,
				14E46E5421D5D0F9009E4B73 /* MJRefreshGifHeader.m in Sources */,
				14E46E5821D5D34A009E4B73 /* UIScrollView+HeaderAndFooter.m in Sources */,
				14E46DFD21D5D08D009E4B73 /* AppDelegate.m in Sources */,
				14E46E4921D5D0F8009E4B73 /* MJRefreshComponent.m in Sources */,
				140C1CD7225DE298000155CE /* LYEmptyBaseView.m in Sources */,
				14E46E4C21D5D0F9009E4B73 /* MJRefreshBackGifFooter.m in Sources */,
				14E46E4221D5D0F8009E4B73 /* NSBundle+MJRefresh.m in Sources */,
				14E46E4A21D5D0F8009E4B73 /* MJRefreshConst.m in Sources */,
				140C1CD8225DE298000155CE /* UIView+Empty.m in Sources */,
				14E46E4B21D5D0F9009E4B73 /* UIView+MJExtension.m in Sources */,
				14E46E5321D5D0F9009E4B73 /* MJRefreshStateHeader.m in Sources */,
				14E46E4D21D5D0F9009E4B73 /* MJRefreshBackStateFooter.m in Sources */,
				14E46E4721D5D0F8009E4B73 /* MJRefreshBackFooter.m in Sources */,
				14E46E4321D5D0F8009E4B73 /* UIScrollView+MJExtension.m in Sources */,
				14E46E4521D5D0F8009E4B73 /* MJRefreshFooter.m in Sources */,
				140C1CDA225DE298000155CE /* LYEmptyView.m in Sources */,
			);
			runOnlyForDeploymentPostprocessing = 0;
		};
/* End PBXSourcesBuildPhase section */

/* Begin PBXVariantGroup section */
		14E46E0121D5D08D009E4B73 /* Main.storyboard */ = {
			isa = PBXVariantGroup;
			children = (
				14E46E0221D5D08D009E4B73 /* Base */,
			);
			name = Main.storyboard;
			sourceTree = "<group>";
		};
		14E46E0621D5D090009E4B73 /* LaunchScreen.storyboard */ = {
			isa = PBXVariantGroup;
			children = (
				14E46E0721D5D090009E4B73 /* Base */,
			);
			name = LaunchScreen.storyboard;
			sourceTree = "<group>";
		};
/* End PBXVariantGroup section */

/* Begin XCBuildConfiguration section */
		14E46E0C21D5D090009E4B73 /* Debug */ = {
			isa = XCBuildConfiguration;
			buildSettings = {
				ALWAYS_SEARCH_USER_PATHS = NO;
				CLANG_ANALYZER_NONNULL = YES;
				CLANG_ANALYZER_NUMBER_OBJECT_CONVERSION = YES_AGGRESSIVE;
				CLANG_CXX_LANGUAGE_STANDARD = "gnu++14";
				CLANG_CXX_LIBRARY = "libc++";
				CLANG_ENABLE_MODULES = YES;
				CLANG_ENABLE_OBJC_ARC = YES;
				CLANG_ENABLE_OBJC_WEAK = YES;
				CLANG_WARN_BLOCK_CAPTURE_AUTORELEASING = YES;
				CLANG_WARN_BOOL_CONVERSION = YES;
				CLANG_WARN_COMMA = YES;
				CLANG_WARN_CONSTANT_CONVERSION = YES;
				CLANG_WARN_DEPRECATED_OBJC_IMPLEMENTATIONS = YES;
				CLANG_WARN_DIRECT_OBJC_ISA_USAGE = YES_ERROR;
				CLANG_WARN_DOCUMENTATION_COMMENTS = YES;
				CLANG_WARN_EMPTY_BODY = YES;
				CLANG_WARN_ENUM_CONVERSION = YES;
				CLANG_WARN_INFINITE_RECURSION = YES;
				CLANG_WARN_INT_CONVERSION = YES;
				CLANG_WARN_NON_LITERAL_NULL_CONVERSION = YES;
				CLANG_WARN_OBJC_IMPLICIT_RETAIN_SELF = YES;
				CLANG_WARN_OBJC_LITERAL_CONVERSION = YES;
				CLANG_WARN_OBJC_ROOT_CLASS = YES_ERROR;
				CLANG_WARN_RANGE_LOOP_ANALYSIS = YES;
				CLANG_WARN_STRICT_PROTOTYPES = YES;
				CLANG_WARN_SUSPICIOUS_MOVE = YES;
				CLANG_WARN_UNGUARDED_AVAILABILITY = YES_AGGRESSIVE;
				CLANG_WARN_UNREACHABLE_CODE = YES;
				CLANG_WARN__DUPLICATE_METHOD_MATCH = YES;
				CODE_SIGN_IDENTITY = "iPhone Developer";
				COPY_PHASE_STRIP = NO;
				DEBUG_INFORMATION_FORMAT = dwarf;
				ENABLE_STRICT_OBJC_MSGSEND = YES;
				ENABLE_TESTABILITY = YES;
				GCC_C_LANGUAGE_STANDARD = gnu11;
				GCC_DYNAMIC_NO_PIC = NO;
				GCC_NO_COMMON_BLOCKS = YES;
				GCC_OPTIMIZATION_LEVEL = 0;
				GCC_PREPROCESSOR_DEFINITIONS = (
					"DEBUG=1",
					"$(inherited)",
				);
				GCC_WARN_64_TO_32_BIT_CONVERSION = YES;
				GCC_WARN_ABOUT_RETURN_TYPE = YES_ERROR;
				GCC_WARN_UNDECLARED_SELECTOR = YES;
				GCC_WARN_UNINITIALIZED_AUTOS = YES_AGGRESSIVE;
				GCC_WARN_UNUSED_FUNCTION = YES;
				GCC_WARN_UNUSED_VARIABLE = YES;
				IPHONEOS_DEPLOYMENT_TARGET = 12.0;
				MTL_ENABLE_DEBUG_INFO = INCLUDE_SOURCE;
				MTL_FAST_MATH = YES;
				ONLY_ACTIVE_ARCH = YES;
				SDKROOT = iphoneos;
			};
			name = Debug;
		};
		14E46E0D21D5D090009E4B73 /* Release */ = {
			isa = XCBuildConfiguration;
			buildSettings = {
				ALWAYS_SEARCH_USER_PATHS = NO;
				CLANG_ANALYZER_NONNULL = YES;
				CLANG_ANALYZER_NUMBER_OBJECT_CONVERSION = YES_AGGRESSIVE;
				CLANG_CXX_LANGUAGE_STANDARD = "gnu++14";
				CLANG_CXX_LIBRARY = "libc++";
				CLANG_ENABLE_MODULES = YES;
				CLANG_ENABLE_OBJC_ARC = YES;
				CLANG_ENABLE_OBJC_WEAK = YES;
				CLANG_WARN_BLOCK_CAPTURE_AUTORELEASING = YES;
				CLANG_WARN_BOOL_CONVERSION = YES;
				CLANG_WARN_COMMA = YES;
				CLANG_WARN_CONSTANT_CONVERSION = YES;
				CLANG_WARN_DEPRECATED_OBJC_IMPLEMENTATIONS = YES;
				CLANG_WARN_DIRECT_OBJC_ISA_USAGE = YES_ERROR;
				CLANG_WARN_DOCUMENTATION_COMMENTS = YES;
				CLANG_WARN_EMPTY_BODY = YES;
				CLANG_WARN_ENUM_CONVERSION = YES;
				CLANG_WARN_INFINITE_RECURSION = YES;
				CLANG_WARN_INT_CONVERSION = YES;
				CLANG_WARN_NON_LITERAL_NULL_CONVERSION = YES;
				CLANG_WARN_OBJC_IMPLICIT_RETAIN_SELF = YES;
				CLANG_WARN_OBJC_LITERAL_CONVERSION = YES;
				CLANG_WARN_OBJC_ROOT_CLASS = YES_ERROR;
				CLANG_WARN_RANGE_LOOP_ANALYSIS = YES;
				CLANG_WARN_STRICT_PROTOTYPES = YES;
				CLANG_WARN_SUSPICIOUS_MOVE = YES;
				CLANG_WARN_UNGUARDED_AVAILABILITY = YES_AGGRESSIVE;
				CLANG_WARN_UNREACHABLE_CODE = YES;
				CLANG_WARN__DUPLICATE_METHOD_MATCH = YES;
				CODE_SIGN_IDENTITY = "iPhone Developer";
				COPY_PHASE_STRIP = NO;
				DEBUG_INFORMATION_FORMAT = "dwarf-with-dsym";
				ENABLE_NS_ASSERTIONS = NO;
				ENABLE_STRICT_OBJC_MSGSEND = YES;
				GCC_C_LANGUAGE_STANDARD = gnu11;
				GCC_NO_COMMON_BLOCKS = YES;
				GCC_WARN_64_TO_32_BIT_CONVERSION = YES;
				GCC_WARN_ABOUT_RETURN_TYPE = YES_ERROR;
				GCC_WARN_UNDECLARED_SELECTOR = YES;
				GCC_WARN_UNINITIALIZED_AUTOS = YES_AGGRESSIVE;
				GCC_WARN_UNUSED_FUNCTION = YES;
				GCC_WARN_UNUSED_VARIABLE = YES;
				IPHONEOS_DEPLOYMENT_TARGET = 12.0;
				MTL_ENABLE_DEBUG_INFO = NO;
				MTL_FAST_MATH = YES;
				SDKROOT = iphoneos;
				VALIDATE_PRODUCT = YES;
			};
			name = Release;
		};
		14E46E0F21D5D090009E4B73 /* Debug */ = {
			isa = XCBuildConfiguration;
			buildSettings = {
				ASSETCATALOG_COMPILER_APPICON_NAME = AppIcon;
				CODE_SIGN_STYLE = Automatic;
				DEVELOPMENT_TEAM = XV89F2LKD5;
				INFOPLIST_FILE = ZMjRefresh/Info.plist;
				IPHONEOS_DEPLOYMENT_TARGET = 9.0;
				LD_RUNPATH_SEARCH_PATHS = (
					"$(inherited)",
					"@executable_path/Frameworks",
				);
				PRODUCT_BUNDLE_IDENTIFIER = zjl.ZMjRefresh;
				PRODUCT_NAME = "$(TARGET_NAME)";
				TARGETED_DEVICE_FAMILY = "1,2";
			};
			name = Debug;
		};
		14E46E1021D5D090009E4B73 /* Release */ = {
			isa = XCBuildConfiguration;
			buildSettings = {
				ASSETCATALOG_COMPILER_APPICON_NAME = AppIcon;
				CODE_SIGN_STYLE = Automatic;
				DEVELOPMENT_TEAM = XV89F2LKD5;
				INFOPLIST_FILE = ZMjRefresh/Info.plist;
				IPHONEOS_DEPLOYMENT_TARGET = 9.0;
				LD_RUNPATH_SEARCH_PATHS = (
					"$(inherited)",
					"@executable_path/Frameworks",
				);
				PRODUCT_BUNDLE_IDENTIFIER = zjl.ZMjRefresh;
				PRODUCT_NAME = "$(TARGET_NAME)";
				TARGETED_DEVICE_FAMILY = "1,2";
			};
			name = Release;
		};
/* End XCBuildConfiguration section */

/* Begin XCConfigurationList section */
		14E46DF321D5D08D009E4B73 /* Build configuration list for PBXProject "ZMjRefresh" */ = {
			isa = XCConfigurationList;
			buildConfigurations = (
				14E46E0C21D5D090009E4B73 /* Debug */,
				14E46E0D21D5D090009E4B73 /* Release */,
			);
			defaultConfigurationIsVisible = 0;
			defaultConfigurationName = Release;
		};
		14E46E0E21D5D090009E4B73 /* Build configuration list for PBXNativeTarget "ZMjRefresh" */ = {
			isa = XCConfigurationList;
			buildConfigurations = (
				14E46E0F21D5D090009E4B73 /* Debug */,
				14E46E1021D5D090009E4B73 /* Release */,
			);
			defaultConfigurationIsVisible = 0;
			defaultConfigurationName = Release;
		};
/* End XCConfigurationList section */
	};
	rootObject = 14E46DF021D5D08D009E4B73 /* Project object */;
}
